
Microsoft Visual Studio Solution File, Format Version 12.00
# Visual Studio Version 17
VisualStudioVersion = 17.13.35825.156 d17.13
MinimumVisualStudioVersion = 10.0.40219.1
Project("{FAE04EC0-301F-11D3-BF4B-00C04F79EFBC}") = "Ecommerce", "Ecommerce\Ecommerce.csproj", "{076193A8-6545-4529-9821-4C12F67561EE}"
EndProject
Global
	GlobalSection(SolutionConfigurationPlatforms) = preSolution
		Debug|Any CPU = Debug|Any CPU
		Release|Any CPU = Release|Any CPU
	EndGlobalSection
	GlobalSection(ProjectConfigurationPlatforms) = postSolution
		{076193A8-6545-4529-9821-4C12F67561EE}.Debug|Any CPU.ActiveCfg = Debug|Any CPU
		{076193A8-6545-4529-9821-4C12F67561EE}.Debug|Any CPU.Build.0 = Debug|Any CPU
		{076193A8-6545-4529-9821-4C12F67561EE}.Release|Any CPU.ActiveCfg = Release|Any CPU
		{076193A8-6545-4529-9821-4C12F67561EE}.Release|Any CPU.Build.0 = Release|Any CPU
	EndGlobalSection
	GlobalSection(SolutionProperties) = preSolution
		HideSolutionNode = FALSE
	EndGlobalSection
	GlobalSection(ExtensibilityGlobals) = postSolution
		SolutionGuid = {DE519281-D6B8-4048-ACC5-7E48D81FFA71}
	EndGlobalSection
EndGlobal
